
Microsoft Visual Studio Solution File, Format Version 12.00
# Visual Studio 14
VisualStudioVersion = 14.0.23107.0
MinimumVisualStudioVersion = 10.0.40219.1
Project("{2150E333-8FDC-42A3-9474-1A3956D46DE8}") = "Solution Items", "Solution Items", "{64CBB83B-44C6-406D-98A6-60DE5D1DEF43}"
	ProjectSection(SolutionItems) = preProject
		dokumentacja.docx = dokumentacja.docx
		Protokół SMTP - notatki.docx = Protokół SMTP - notatki.docx
		przepływy wstępne.jpg = przepływy wstępne.jpg
		Rady dra Gawkowskiego.docx = Rady dra Gawkowskiego.docx
		regulamin.docx = regulamin.docx
		TINuseCase.docx = TINuseCase.docx
		VisioDiagrams.vsdx = VisioDiagrams.vsdx
	EndProjectSection
EndProject
Global
	GlobalSection(SolutionProperties) = preSolution
		HideSolutionNode = FALSE
	EndGlobalSection
EndGlobal
